{
  "name": "autoclaude",
  "version": "1.1.0001",
  "lockfileVersion": 3,
  "requires": true,
  "packages": {
    "": {
      "name": "autoclaude",
      "version": "1.1.0001",
      "license": "MIT",
      "workspaces": [
        "packages/core",
        "packages/sessions",
        "packages/store",
        "packages/runner",
        "packages/server",
        "packages/daemon"
      ],
      "bin": {
        "autoclaude": "bin/autoclaude.mjs"
      },
      "engines": {
        "node": ">=18.0.0"
      }
    },
    "node_modules/@autoclaude/core": {
      "resolved": "packages/core",
      "link": true
    },
    "node_modules/@autoclaude/daemon": {
      "resolved": "packages/daemon",
      "link": true
    },
    "node_modules/@autoclaude/runner": {
      "resolved": "packages/runner",
      "link": true
    },
    "node_modules/@autoclaude/server": {
      "resolved": "packages/server",
      "link": true
    },
    "node_modules/@autoclaude/sessions": {
      "resolved": "packages/sessions",
      "link": true
    },
    "node_modules/@autoclaude/store": {
      "resolved": "packages/store",
      "link": true
    },
    "packages/core": {
      "name": "@autoclaude/core",
      "version": "1.0.0"
    },
    "packages/daemon": {
      "name": "@autoclaude/daemon",
      "version": "1.0.0",
      "dependencies": {
        "@autoclaude/core": "1.0.0",
        "@autoclaude/runner": "1.0.0",
        "@autoclaude/server": "1.0.0",
        "@autoclaude/store": "1.0.0"
      }
    },
    "packages/runner": {
      "name": "@autoclaude/runner",
      "version": "1.0.0",
      "dependencies": {
        "@autoclaude/core": "1.0.0",
        "@autoclaude/store": "1.0.0"
      }
    },
    "packages/server": {
      "name": "@autoclaude/server",
      "version": "1.0.0",
      "dependencies": {
        "@autoclaude/core": "1.0.0",
        "@autoclaude/sessions": "1.0.0",
        "@autoclaude/store": "1.0.0"
      }
    },
    "packages/sessions": {
      "name": "@autoclaude/sessions",
      "version": "1.0.0"
    },
    "packages/store": {
      "name": "@autoclaude/store",
      "version": "1.0.0",
      "dependencies": {
        "@autoclaude/core": "1.0.0",
        "@autoclaude/sessions": "1.0.0"
      }
    }
  }
}
